// !$*UTF8*$!
{
	archiveVersion = 1;
	classes = {
	};
	objectVersion = 46;
	objects = {

/* Begin PBXBuildFile section */
		76DCAFF11AE532E50059D233 /* AppDelegate.swift in Sources */ = {isa = PBXBuildFile; fileRef = 76DCAFF01AE532E50059D233 /* AppDelegate.swift */; };
		76DCAFF41AE532E50059D233 /* coreData_2_UIPickerView.xcdatamodeld in Sources */ = {isa = PBXBuildFile; fileRef = 76DCAFF21AE532E50059D233 /* coreData_2_UIPickerView.xcdatamodeld */; };
		76DCAFF91AE532E50059D233 /* Main.storyboard in Resources */ = {isa = PBXBuildFile; fileRef = 76DCAFF71AE532E50059D233 /* Main.storyboard */; };
		76DCAFFB1AE532E50059D233 /* Images.xcassets in Resources */ = {isa = PBXBuildFile; fileRef = 76DCAFFA1AE532E50059D233 /* Images.xcassets */; };
		76DCAFFE1AE532E50059D233 /* LaunchScreen.xib in Resources */ = {isa = PBXBuildFile; fileRef = 76DCAFFC1AE532E50059D233 /* LaunchScreen.xib */; };
		76DCB00A1AE532E50059D233 /* coreData_2_UIPickerViewTests.swift in Sources */ = {isa = PBXBuildFile; fileRef = 76DCB0091AE532E50059D233 /* coreData_2_UIPickerViewTests.swift */; };
		76DCB0141AE548280059D233 /* PickerView.swift in Sources */ = {isa = PBXBuildFile; fileRef = 76DCB0131AE548280059D233 /* PickerView.swift */; };
		76DCB0161AE55C200059D233 /* coreData-2-UIPickerView.swift in Sources */ = {isa = PBXBuildFile; fileRef = 76DCB0151AE55C200059D233 /* coreData-2-UIPickerView.swift */; };
		76DCB0181AE55F750059D233 /* AddToPickerView.swift in Sources */ = {isa = PBXBuildFile; fileRef = 76DCB0171AE55F750059D233 /* AddToPickerView.swift */; };
		76DCB01A1AE5643F0059D233 /* ReadMe.md in Sources */ = {isa = PBXBuildFile; fileRef = 76DCB0191AE5643F0059D233 /* ReadMe.md */; };
/* End PBXBuildFile section */

/* Begin PBXContainerItemProxy section */
		76DCB0041AE532E50059D233 /* PBXContainerItemProxy */ = {
			isa = PBXContainerItemProxy;
			containerPortal = 76DCAFE31AE532E50059D233 /* Project object */;
			proxyType = 1;
			remoteGlobalIDString = 76DCAFEA1AE532E50059D233;
			remoteInfo = "coreData-2-UIPickerView";
		};
/* End PBXContainerItemProxy section */

/* Begin PBXFileReference section */
		76DCAFEB1AE532E50059D233 /* coreData-2-UIPickerView.app */ = {isa = PBXFileReference; explicitFileType = wrapper.application; includeInIndex = 0; path = "coreData-2-UIPickerView.app"; sourceTree = BUILT_PRODUCTS_DIR; };
		76DCAFEF1AE532E50059D233 /* Info.plist */ = {isa = PBXFileReference; lastKnownFileType = text.plist.xml; path = Info.plist; sourceTree = "<group>"; };
		76DCAFF01AE532E50059D233 /* AppDelegate.swift */ = {isa = PBXFileReference; lastKnownFileType = sourcecode.swift; path = AppDelegate.swift; sourceTree = "<group>"; };
		76DCAFF31AE532E50059D233 /* coreData_2_UIPickerView.xcdatamodel */ = {isa = PBXFileReference; lastKnownFileType = wrapper.xcdatamodel; path = coreData_2_UIPickerView.xcdatamodel; sourceTree = "<group>"; };
		76DCAFF81AE532E50059D233 /* Base */ = {isa = PBXFileReference; lastKnownFileType = file.storyboard; name = Base; path = Base.lproj/Main.storyboard; sourceTree = "<group>"; };
		76DCAFFA1AE532E50059D233 /* Images.xcassets */ = {isa = PBXFileReference; lastKnownFileType = folder.assetcatalog; path = Images.xcassets; sourceTree = "<group>"; };
		76DCAFFD1AE532E50059D233 /* Base */ = {isa = PBXFileReference; lastKnownFileType = file.xib; name = Base; path = Base.lproj/LaunchScreen.xib; sourceTree = "<group>"; };
		76DCB0031AE532E50059D233 /* coreData-2-UIPickerViewTests.xctest */ = {isa = PBXFileReference; explicitFileType = wrapper.cfbundle; includeInIndex = 0; path = "coreData-2-UIPickerViewTests.xctest"; sourceTree = BUILT_PRODUCTS_DIR; };
		76DCB0081AE532E50059D233 /* Info.plist */ = {isa = PBXFileReference; lastKnownFileType = text.plist.xml; path = Info.plist; sourceTree = "<group>"; };
		76DCB0091AE532E50059D233 /* coreData_2_UIPickerViewTests.swift */ = {isa = PBXFileReference; lastKnownFileType = sourcecode.swift; path = coreData_2_UIPickerViewTests.swift; sourceTree = "<group>"; };
		76DCB0131AE548280059D233 /* PickerView.swift */ = {isa = PBXFileReference; fileEncoding = 4; lastKnownFileType = sourcecode.swift; path = PickerView.swift; sourceTree = "<group>"; };
		76DCB0151AE55C200059D233 /* coreData-2-UIPickerView.swift */ = {isa = PBXFileReference; fileEncoding = 4; lastKnownFileType = sourcecode.swift; path = "coreData-2-UIPickerView.swift"; sourceTree = SOURCE_ROOT; };
		76DCB0171AE55F750059D233 /* AddToPickerView.swift */ = {isa = PBXFileReference; fileEncoding = 4; lastKnownFileType = sourcecode.swift; path = AddToPickerView.swift; sourceTree = "<group>"; };
		76DCB0191AE5643F0059D233 /* ReadMe.md */ = {isa = PBXFileReference; fileEncoding = 4; lastKnownFileType = net.daringfireball.markdown; name = ReadMe.md; path = "coreData-2-UIPickerView/ReadMe.md"; sourceTree = "<group>"; };
/* End PBXFileReference section */

/* Begin PBXFrameworksBuildPhase section */
		76DCAFE81AE532E50059D233 /* Frameworks */ = {
			isa = PBXFrameworksBuildPhase;
			buildActionMask = 2147483647;
			files = (
			);
			runOnlyForDeploymentPostprocessing = 0;
		};
		76DCB0001AE532E50059D233 /* Frameworks */ = {
			isa = PBXFrameworksBuildPhase;
			buildActionMask = 2147483647;
			files = (
			);
			runOnlyForDeploymentPostprocessing = 0;
		};
/* End PBXFrameworksBuildPhase section */

/* Begin PBXGroup section */
		76DCAFE21AE532E50059D233 = {
			isa = PBXGroup;
			children = (
				76DCB0191AE5643F0059D233 /* ReadMe.md */,
				76DCAFED1AE532E50059D233 /* coreData-2-UIPickerView */,
				76DCB0061AE532E50059D233 /* coreData-2-UIPickerViewTests */,
				76DCAFEC1AE532E50059D233 /* Products */,
			);
			sourceTree = "<group>";
		};
		76DCAFEC1AE532E50059D233 /* Products */ = {
			isa = PBXGroup;
			children = (
				76DCAFEB1AE532E50059D233 /* coreData-2-UIPickerView.app */,
				76DCB0031AE532E50059D233 /* coreData-2-UIPickerViewTests.xctest */,
			);
			name = Products;
			sourceTree = "<group>";
		};
		76DCAFED1AE532E50059D233 /* coreData-2-UIPickerView */ = {
			isa = PBXGroup;
			children = (
				76DCAFF01AE532E50059D233 /* AppDelegate.swift */,
				76DCB0151AE55C200059D233 /* coreData-2-UIPickerView.swift */,
				76DCAFF71AE532E50059D233 /* Main.storyboard */,
				76DCB0131AE548280059D233 /* PickerView.swift */,
				76DCB0171AE55F750059D233 /* AddToPickerView.swift */,
				76DCAFFA1AE532E50059D233 /* Images.xcassets */,
				76DCAFFC1AE532E50059D233 /* LaunchScreen.xib */,
				76DCAFF21AE532E50059D233 /* coreData_2_UIPickerView.xcdatamodeld */,
				76DCAFEE1AE532E50059D233 /* Supporting Files */,
			);
			path = "coreData-2-UIPickerView";
			sourceTree = "<group>";
		};
		76DCAFEE1AE532E50059D233 /* Supporting Files */ = {
			isa = PBXGroup;
			children = (
				76DCAFEF1AE532E50059D233 /* Info.plist */,
			);
			name = "Supporting Files";
			sourceTree = "<group>";
		};
		76DCB0061AE532E50059D233 /* coreData-2-UIPickerViewTests */ = {
			isa = PBXGroup;
			children = (
				76DCB0091AE532E50059D233 /* coreData_2_UIPickerViewTests.swift */,
				76DCB0071AE532E50059D233 /* Supporting Files */,
			);
			path = "coreData-2-UIPickerViewTests";
			sourceTree = "<group>";
		};
		76DCB0071AE532E50059D233 /* Supporting Files */ = {
			isa = PBXGroup;
			children = (
				76DCB0081AE532E50059D233 /* Info.plist */,
			);
			name = "Supporting Files";
			sourceTree = "<group>";
		};
/* End PBXGroup section */

/* Begin PBXNativeTarget section */
		76DCAFEA1AE532E50059D233 /* coreData-2-UIPickerView */ = {
			isa = PBXNativeTarget;
			buildConfigurationList = 76DCB00D1AE532E50059D233 /* Build configuration list for PBXNativeTarget "coreData-2-UIPickerView" */;
			buildPhases = (
				76DCAFE71AE532E50059D233 /* Sources */,
				76DCAFE81AE532E50059D233 /* Frameworks */,
				76DCAFE91AE532E50059D233 /* Resources */,
			);
			buildRules = (
			);
			dependencies = (
			);
			name = "coreData-2-UIPickerView";
			productName = "coreData-2-UIPickerView";
			productReference = 76DCAFEB1AE532E50059D233 /* coreData-2-UIPickerView.app */;
			productType = "com.apple.product-type.application";
		};
		76DCB0021AE532E50059D233 /* coreData-2-UIPickerViewTests */ = {
			isa = PBXNativeTarget;
			buildConfigurationList = 76DCB0101AE532E50059D233 /* Build configuration list for PBXNativeTarget "coreData-2-UIPickerViewTests" */;
			buildPhases = (
				76DCAFFF1AE532E50059D233 /* Sources */,
				76DCB0001AE532E50059D233 /* Frameworks */,
				76DCB0011AE532E50059D233 /* Resources */,
			);
			buildRules = (
			);
			dependencies = (
				76DCB0051AE532E50059D233 /* PBXTargetDependency */,
			);
			name = "coreData-2-UIPickerViewTests";
			productName = "coreData-2-UIPickerViewTests";
			productReference = 76DCB0031AE532E50059D233 /* coreData-2-UIPickerViewTests.xctest */;
			productType = "com.apple.product-type.bundle.unit-test";
		};
/* End PBXNativeTarget section */

/* Begin PBXProject section */
		76DCAFE31AE532E50059D233 /* Project object */ = {
			isa = PBXProject;
			attributes = {
				LastUpgradeCheck = 0630;
				ORGANIZATIONNAME = gokhan;
				TargetAttributes = {
					76DCAFEA1AE532E50059D233 = {
						CreatedOnToolsVersion = 6.3;
					};
					76DCB0021AE532E50059D233 = {
						CreatedOnToolsVersion = 6.3;
						TestTargetID = 76DCAFEA1AE532E50059D233;
					};
				};
			};
			buildConfigurationList = 76DCAFE61AE532E50059D233 /* Build configuration list for PBXProject "coreData-2-UIPickerView" */;
			compatibilityVersion = "Xcode 3.2";
			developmentRegion = English;
			hasScannedForEncodings = 0;
			knownRegions = (
				en,
				Base,
			);
			mainGroup = 76DCAFE21AE532E50059D233;
			productRefGroup = 76DCAFEC1AE532E50059D233 /* Products */;
			projectDirPath = "";
			projectRoot = "";
			targets = (
				76DCAFEA1AE532E50059D233 /* coreData-2-UIPickerView */,
				76DCB0021AE532E50059D233 /* coreData-2-UIPickerViewTests */,
			);
		};
/* End PBXProject section */

/* Begin PBXResourcesBuildPhase section */
		76DCAFE91AE532E50059D233 /* Resources */ = {
			isa = PBXResourcesBuildPhase;
			buildActionMask = 2147483647;
			files = (
				76DCAFF91AE532E50059D233 /* Main.storyboard in Resources */,
				76DCAFFE1AE532E50059D233 /* LaunchScreen.xib in Resources */,
				76DCAFFB1AE532E50059D233 /* Images.xcassets in Resources */,
			);
			runOnlyForDeploymentPostprocessing = 0;
		};
		76DCB0011AE532E50059D233 /* Resources */ = {
			isa = PBXResourcesBuildPhase;
			buildActionMask = 2147483647;
			files = (
			);
			runOnlyForDeploymentPostprocessing = 0;
		};
/* End PBXResourcesBuildPhase section */

/* Begin PBXSourcesBuildPhase section */
		76DCAFE71AE532E50059D233 /* Sources */ = {
			isa = PBXSourcesBuildPhase;
			buildActionMask = 2147483647;
			files = (
				76DCAFF41AE532E50059D233 /* coreData_2_UIPickerView.xcdatamodeld in Sources */,
				76DCB0181AE55F750059D233 /* AddToPickerView.swift in Sources */,
				76DCB01A1AE5643F0059D233 /* ReadMe.md in Sources */,
				76DCAFF11AE532E50059D233 /* AppDelegate.swift in Sources */,
				76DCB0161AE55C200059D233 /* coreData-2-UIPickerView.swift in Sources */,
				76DCB0141AE548280059D233 /* PickerView.swift in Sources */,
			);
			runOnlyForDeploymentPostprocessing = 0;
		};
		76DCAFFF1AE532E50059D233 /* Sources */ = {
			isa = PBXSourcesBuildPhase;
			buildActionMask = 2147483647;
			files = (
				76DCB00A1AE532E50059D233 /* coreData_2_UIPickerViewTests.swift in Sources */,
			);
			runOnlyForDeploymentPostprocessing = 0;
		};
/* End PBXSourcesBuildPhase section */

/* Begin PBXTargetDependency section */
		76DCB0051AE532E50059D233 /* PBXTargetDependency */ = {
			isa = PBXTargetDependency;
			target = 76DCAFEA1AE532E50059D233 /* coreData-2-UIPickerView */;
			targetProxy = 76DCB0041AE532E50059D233 /* PBXContainerItemProxy */;
		};
/* End PBXTargetDependency section */

/* Begin PBXVariantGroup section */
		76DCAFF71AE532E50059D233 /* Main.storyboard */ = {
			isa = PBXVariantGroup;
			children = (
				76DCAFF81AE532E50059D233 /* Base */,
			);
			name = Main.storyboard;
			sourceTree = "<group>";
		};
		76DCAFFC1AE532E50059D233 /* LaunchScreen.xib */ = {
			isa = PBXVariantGroup;
			children = (
				76DCAFFD1AE532E50059D233 /* Base */,
			);
			name = LaunchScreen.xib;
			sourceTree = "<group>";
		};
/* End PBXVariantGroup section */

/* Begin XCBuildConfiguration section */
		76DCB00B1AE532E50059D233 /* Debug */ = {
			isa = XCBuildConfiguration;
			buildSettings = {
				ALWAYS_SEARCH_USER_PATHS = NO;
				CLANG_CXX_LANGUAGE_STANDARD = "gnu++0x";
				CLANG_CXX_LIBRARY = "libc++";
				CLANG_ENABLE_MODULES = YES;
				CLANG_ENABLE_OBJC_ARC = YES;
				CLANG_WARN_BOOL_CONVERSION = YES;
				CLANG_WARN_CONSTANT_CONVERSION = YES;
				CLANG_WARN_DIRECT_OBJC_ISA_USAGE = YES_ERROR;
				CLANG_WARN_EMPTY_BODY = YES;
				CLANG_WARN_ENUM_CONVERSION = YES;
				CLANG_WARN_INT_CONVERSION = YES;
				CLANG_WARN_OBJC_ROOT_CLASS = YES_ERROR;
				CLANG_WARN_UNREACHABLE_CODE = YES;
				CLANG_WARN__DUPLICATE_METHOD_MATCH = YES;
				"CODE_SIGN_IDENTITY[sdk=iphoneos*]" = "iPhone Developer";
				COPY_PHASE_STRIP = NO;
				DEBUG_INFORMATION_FORMAT = dwarf;
				ENABLE_STRICT_OBJC_MSGSEND = YES;
				GCC_C_LANGUAGE_STANDARD = gnu99;
				GCC_DYNAMIC_NO_PIC = NO;
				GCC_NO_COMMON_BLOCKS = YES;
				GCC_OPTIMIZATION_LEVEL = 0;
				GCC_PREPROCESSOR_DEFINITIONS = (
					"DEBUG=1",
					"$(inherited)",
				);
				GCC_SYMBOLS_PRIVATE_EXTERN = NO;
				GCC_WARN_64_TO_32_BIT_CONVERSION = YES;
				GCC_WARN_ABOUT_RETURN_TYPE = YES_ERROR;
				GCC_WARN_UNDECLARED_SELECTOR = YES;
				GCC_WARN_UNINITIALIZED_AUTOS = YES_AGGRESSIVE;
				GCC_WARN_UNUSED_FUNCTION = YES;
				GCC_WARN_UNUSED_VARIABLE = YES;
				IPHONEOS_DEPLOYMENT_TARGET = 8.3;
				MTL_ENABLE_DEBUG_INFO = YES;
				ONLY_ACTIVE_ARCH = YES;
				SDKROOT = iphoneos;
				SWIFT_OPTIMIZATION_LEVEL = "-Onone";
				TARGETED_DEVICE_FAMILY = "1,2";
			};
			name = Debug;
		};
		76DCB00C1AE532E50059D233 /* Release */ = {
			isa = XCBuildConfiguration;
			buildSettings = {
				ALWAYS_SEARCH_USER_PATHS = NO;
				CLANG_CXX_LANGUAGE_STANDARD = "gnu++0x";
				CLANG_CXX_LIBRARY = "libc++";
				CLANG_ENABLE_MODULES = YES;
				CLANG_ENABLE_OBJC_ARC = YES;
				CLANG_WARN_BOOL_CONVERSION = YES;
				CLANG_WARN_CONSTANT_CONVERSION = YES;
				CLANG_WARN_DIRECT_OBJC_ISA_USAGE = YES_ERROR;
				CLANG_WARN_EMPTY_BODY = YES;
				CLANG_WARN_ENUM_CONVERSION = YES;
				CLANG_WARN_INT_CONVERSION = YES;
				CLANG_WARN_OBJC_ROOT_CLASS = YES_ERROR;
				CLANG_WARN_UNREACHABLE_CODE = YES;
				CLANG_WARN__DUPLICATE_METHOD_MATCH = YES;
				"CODE_SIGN_IDENTITY[sdk=iphoneos*]" = "iPhone Developer";
				COPY_PHASE_STRIP = NO;
				DEBUG_INFORMATION_FORMAT = "dwarf-with-dsym";
				ENABLE_NS_ASSERTIONS = NO;
				ENABLE_STRICT_OBJC_MSGSEND = YES;
				GCC_C_LANGUAGE_STANDARD = gnu99;
				GCC_NO_COMMON_BLOCKS = YES;
				GCC_WARN_64_TO_32_BIT_CONVERSION = YES;
				GCC_WARN_ABOUT_RETURN_TYPE = YES_ERROR;
				GCC_WARN_UNDECLARED_SELECTOR = YES;
				GCC_WARN_UNINITIALIZED_AUTOS = YES_AGGRESSIVE;
				GCC_WARN_UNUSED_FUNCTION = YES;
				GCC_WARN_UNUSED_VARIABLE = YES;
				IPHONEOS_DEPLOYMENT_TARGET = 8.3;
				MTL_ENABLE_DEBUG_INFO = NO;
				SDKROOT = iphoneos;
				TARGETED_DEVICE_FAMILY = "1,2";
				VALIDATE_PRODUCT = YES;
			};
			name = Release;
		};
		76DCB00E1AE532E50059D233 /* Debug */ = {
			isa = XCBuildConfiguration;
			buildSettings = {
				ASSETCATALOG_COMPILER_APPICON_NAME = AppIcon;
				INFOPLIST_FILE = "coreData-2-UIPickerView/Info.plist";
				LD_RUNPATH_SEARCH_PATHS = "$(inherited) @executable_path/Frameworks";
				PRODUCT_NAME = "$(TARGET_NAME)";
			};
			name = Debug;
		};
		76DCB00F1AE532E50059D233 /* Release */ = {
			isa = XCBuildConfiguration;
			buildSettings = {
				ASSETCATALOG_COMPILER_APPICON_NAME = AppIcon;
				INFOPLIST_FILE = "coreData-2-UIPickerView/Info.plist";
				LD_RUNPATH_SEARCH_PATHS = "$(inherited) @executable_path/Frameworks";
				PRODUCT_NAME = "$(TARGET_NAME)";
			};
			name = Release;
		};
		76DCB0111AE532E50059D233 /* Debug */ = {
			isa = XCBuildConfiguration;
			buildSettings = {
				BUNDLE_LOADER = "$(TEST_HOST)";
				FRAMEWORK_SEARCH_PATHS = (
					"$(SDKROOT)/Developer/Library/Frameworks",
					"$(inherited)",
				);
				GCC_PREPROCESSOR_DEFINITIONS = (
					"DEBUG=1",
					"$(inherited)",
				);
				INFOPLIST_FILE = "coreData-2-UIPickerViewTests/Info.plist";
				LD_RUNPATH_SEARCH_PATHS = "$(inherited) @executable_path/Frameworks @loader_path/Frameworks";
				PRODUCT_NAME = "$(TARGET_NAME)";
				TEST_HOST = "$(BUILT_PRODUCTS_DIR)/coreData-2-UIPickerView.app/coreData-2-UIPickerView";
			};
			name = Debug;
		};
		76DCB0121AE532E50059D233 /* Release */ = {
			isa = XCBuildConfiguration;
			buildSettings = {
				BUNDLE_LOADER = "$(TEST_HOST)";
				FRAMEWORK_SEARCH_PATHS = (
					"$(SDKROOT)/Developer/Library/Frameworks",
					"$(inherited)",
				);
				INFOPLIST_FILE = "coreData-2-UIPickerViewTests/Info.plist";
				LD_RUNPATH_SEARCH_PATHS = "$(inherited) @executable_path/Frameworks @loader_path/Frameworks";
				PRODUCT_NAME = "$(TARGET_NAME)";
				TEST_HOST = "$(BUILT_PRODUCTS_DIR)/coreData-2-UIPickerView.app/coreData-2-UIPickerView";
			};
			name = Release;
		};
/* End XCBuildConfiguration section */

/* Begin XCConfigurationList section */
		76DCAFE61AE532E50059D233 /* Build configuration list for PBXProject "coreData-2-UIPickerView" */ = {
			isa = XCConfigurationList;
			buildConfigurations = (
				76DCB00B1AE532E50059D233 /* Debug */,
				76DCB00C1AE532E50059D233 /* Release */,
			);
			defaultConfigurationIsVisible = 0;
			defaultConfigurationName = Release;
		};
		76DCB00D1AE532E50059D233 /* Build configuration list for PBXNativeTarget "coreData-2-UIPickerView" */ = {
			isa = XCConfigurationList;
			buildConfigurations = (
				76DCB00E1AE532E50059D233 /* Debug */,
				76DCB00F1AE532E50059D233 /* Release */,
			);
			defaultConfigurationIsVisible = 0;
		};
		76DCB0101AE532E50059D233 /* Build configuration list for PBXNativeTarget "coreData-2-UIPickerViewTests" */ = {
			isa = XCConfigurationList;
			buildConfigurations = (
				76DCB0111AE532E50059D233 /* Debug */,
				76DCB0121AE532E50059D233 /* Release */,
			);
			defaultConfigurationIsVisible = 0;
		};
/* End XCConfigurationList section */

/* Begin XCVersionGroup section */
		76DCAFF21AE532E50059D233 /* coreData_2_UIPickerView.xcdatamodeld */ = {
			isa = XCVersionGroup;
			children = (
				76DCAFF31AE532E50059D233 /* coreData_2_UIPickerView.xcdatamodel */,
			);
			currentVersion = 76DCAFF31AE532E50059D233 /* coreData_2_UIPickerView.xcdatamodel */;
			path = coreData_2_UIPickerView.xcdatamodeld;
			sourceTree = "<group>";
			versionGroupType = wrapper.xcdatamodel;
		};
/* End XCVersionGroup section */
	};
	rootObject = 76DCAFE31AE532E50059D233 /* Project object */;
}
